{
  "name": "vastlint-packages",
  "lockfileVersion": 3,
  "requires": true,
  "packages": {
    "": {
      "name": "vastlint-packages",
      "workspaces": [
        "packages/*"
      ]
    },
    "node_modules/@types/react": {
      "version": "19.2.14",
      "dev": true,
      "license": "MIT",
      "dependencies": {
        "csstype": "^3.2.2"
      }
    },
    "node_modules/csstype": {
      "version": "3.2.3",
      "dev": true,
      "license": "MIT"
    },
    "node_modules/react": {
      "version": "19.2.6",
      "dev": true,
      "license": "MIT",
      "engines": {
        "node": ">=0.10.0"
      }
    },
    "node_modules/react-is": {
      "version": "19.2.6",
      "resolved": "https://registry.npmjs.org/react-is/-/react-is-19.2.6.tgz",
      "integrity": "sha512-XjBR15BhXuylgWGuslhDKqlSayuqvqBX91BP8pauG8kd1zY8kotkNWbXksTCNRarse4kuGbe2kIY05ARtwNIvw==",
      "dev": true,
      "license": "MIT"
    },
    "node_modules/react-test-renderer": {
      "version": "19.2.6",
      "resolved": "https://registry.npmjs.org/react-test-renderer/-/react-test-renderer-19.2.6.tgz",
      "integrity": "sha512-GbS6V23YduFTPiWJ5xICbKEjRcqx1Z90js/V5miqhz7qp/d6xSe9Dd6NjSQODFRdzdsqRMPW82E/sFpPRbY5Mw==",
      "dev": true,
      "license": "MIT",
      "dependencies": {
        "react-is": "^19.2.6",
        "scheduler": "^0.27.0"
      },
      "peerDependencies": {
        "react": "^19.2.6"
      }
    },
    "node_modules/scheduler": {
      "version": "0.27.0",
      "resolved": "https://registry.npmjs.org/scheduler/-/scheduler-0.27.0.tgz",
      "integrity": "sha512-eNv+WrVbKu1f3vbYJT/xtiF5syA5HPIMtf9IgY/nKg0sWqzAUEvqY/xm7OcZc/qafLx/iO9FgOmeSAp4v5ti/Q==",
      "dev": true,
      "license": "MIT"
    },
    "node_modules/typescript": {
      "version": "5.9.3",
      "dev": true,
      "license": "Apache-2.0",
      "bin": {
        "tsc": "bin/tsc",
        "tsserver": "bin/tsserver"
      },
      "engines": {
        "node": ">=14.17"
      }
    },
    "node_modules/vastlint": {
      "resolved": "npm",
      "link": true
    },
    "node_modules/vastlint-client": {
      "resolved": "packages/vastlint-client",
      "link": true
    },
    "node_modules/vastlint-react": {
      "resolved": "packages/vastlint-react",
      "link": true
    },
    "npm": {
      "name": "vastlint",
      "version": "0.4.17",
      "license": "Apache-2.0",
      "engines": {
        "node": ">=18"
      }
    },
    "packages/vastlint-client": {
      "version": "0.1.0",
      "license": "Apache-2.0",
      "dependencies": {
        "vastlint": "file:../../npm"
      },
      "devDependencies": {
        "typescript": "^5.9.3"
      }
    },
    "packages/vastlint-react": {
      "version": "0.1.0",
      "license": "Apache-2.0",
      "dependencies": {
        "vastlint-client": "file:../vastlint-client"
      },
      "devDependencies": {
        "@types/react": "^19.0.0",
        "react": "^19.0.0",
        "react-test-renderer": "^19.2.6",
        "typescript": "^5.9.3"
      },
      "peerDependencies": {
        "react": ">=18"
      }
    }
  }
}
