{
  "name": "vastlint-client-smoke",
  "lockfileVersion": 3,
  "requires": true,
  "packages": {
    "": {
      "name": "vastlint-client-smoke",
      "dependencies": {
        "vastlint-client": "0.4.22"
      }
    },
    "node_modules/vastlint": {
      "version": "0.4.24",
      "resolved": "https://registry.npmjs.org/vastlint/-/vastlint-0.4.24.tgz",
      "integrity": "sha512-E8IzdTy+wDK8IOKYCV9YVB/8EfzmGgQC+XTlX/dnbcGQ36eRZkyj8PWtQ5sTuXHHQpy0qW4KnEJiUInkvkWtRw==",
      "license": "Apache-2.0",
      "engines": {
        "node": ">=18"
      }
    },
    "node_modules/vastlint-client": {
      "version": "0.4.22",
      "resolved": "https://registry.npmjs.org/vastlint-client/-/vastlint-client-0.4.22.tgz",
      "integrity": "sha512-NdZEvDn+CjeIErmeKt4w/DRvf32yR0ji1964kHvwziLUQiG0V1nKDef7KwqlRqjp+6z6oRtulbLwmvDBwL4UPw==",
      "license": "Apache-2.0",
      "dependencies": {
        "vastlint": "^0.4.22"
      },
      "engines": {
        "node": ">=18"
      }
    }
  }
}
